<?xml version="1.0" encoding="utf-8"?>
<Project ToolsVersion="4.0" xmlns="http://schemas.microsoft.com/developer/msbuild/2003">
  <ItemGroup>
    <ClCompile Include="Engine\Frame\Private\Device.cpp">
      <Filter>Frame\Private</Filter>
    </ClCompile>
    <ClCompile Include="Engine\Frame\Private\Engine.cpp">
      <Filter>Frame\Private</Filter>
    </ClCompile>
    <ClCompile Include="Engine\Frame\Private\Globals.cpp">
      <Filter>Frame\Private</Filter>
    </ClCompile>
    <ClCompile Include="Engine\Frame\Private\Renderer.cpp">
      <Filter>Frame\Private</Filter>
    </ClCompile>
    <ClCompile Include="Engine\Frame\Private\RenderTarget.cpp">
      <Filter>Frame\Private</Filter>
    </ClCompile>
    <ClCompile Include="Engine\Platforms\Windows\Private\EngineWindows.cpp">
      <Filter>Platforms\Windows\Private</Filter>
    </ClCompile>
    <ClCompile Include="Engine\Platforms\Windows\Private\RenderWindowWindows.cpp">
      <Filter>Platforms\Windows\Private</Filter>
    </ClCompile>
    <ClCompile Include="Engine\Platforms\Windows\Private\LauncherWindows.cpp">
      <Filter>Platforms\Windows\Private</Filter>
    </ClCompile>
    <ClCompile Include="Engine\RenderDevices\DX12\Private\DX12Device.cpp">
      <Filter>RenderDevices\DX12\Private</Filter>
    </ClCompile>
    <ClCompile Include="Engine\RenderDevices\DX12\Private\DX12Utility.cpp">
      <Filter>RenderDevices\DX12\Private</Filter>
    </ClCompile>
  </ItemGroup>
  <ItemGroup>
    <ClInclude Include="Engine\Frame\Public\Device.h">
      <Filter>Frame\Public</Filter>
    </ClInclude>
    <ClInclude Include="Engine\Frame\Public\Engine.h">
      <Filter>Frame\Public</Filter>
    </ClInclude>
    <ClInclude Include="Engine\Frame\Public\Globals.h">
      <Filter>Frame\Public</Filter>
    </ClInclude>
    <ClInclude Include="Engine\Frame\Public\Renderer.h">
      <Filter>Frame\Public</Filter>
    </ClInclude>
    <ClInclude Include="Engine\Frame\Public\RenderTarget.h">
      <Filter>Frame\Public</Filter>
    </ClInclude>
    <ClInclude Include="Engine\Utility\Public\Prerequisites.h">
      <Filter>Utility\Public</Filter>
    </ClInclude>
    <ClInclude Include="Engine\Utility\Public\Singleton.h">
      <Filter>Utility\Public</Filter>
    </ClInclude>
    <ClInclude Include="Engine\Platforms\Windows\Public\EngineWindows.h">
      <Filter>Platforms\Windows\Public</Filter>
    </ClInclude>
    <ClInclude Include="Engine\Platforms\Windows\Public\RenderWindowWindows.h">
      <Filter>Platforms\Windows\Public</Filter>
    </ClInclude>
    <ClInclude Include="Engine\RenderDevices\DX12\Public\DX12Device.h">
      <Filter>RenderDevices\DX12\Public</Filter>
    </ClInclude>
    <ClInclude Include="Engine\RenderDevices\DX12\Public\d3dx12.h">
      <Filter>RenderDevices\DX12\Public</Filter>
    </ClInclude>
    <ClInclude Include="Engine\RenderDevices\DX12\Public\DX12Utility.h">
      <Filter>RenderDevices\DX12\Public</Filter>
    </ClInclude>
  </ItemGroup>
  <ItemGroup>
    <Filter Include="Frame">
      <UniqueIdentifier>{a9fb89a5-3eda-4596-95cb-98d94e3f9ac2}</UniqueIdentifier>
    </Filter>
    <Filter Include="Platforms">
      <UniqueIdentifier>{0f3d3686-6c03-42f1-8116-33378a9a732e}</UniqueIdentifier>
    </Filter>
    <Filter Include="Platforms\Windows">
      <UniqueIdentifier>{20e6dafb-2174-435b-bd77-6cf59518010c}</UniqueIdentifier>
    </Filter>
    <Filter Include="Frame\Public">
      <UniqueIdentifier>{740d38be-5189-49e0-866e-6569936160b8}</UniqueIdentifier>
    </Filter>
    <Filter Include="Frame\Private">
      <UniqueIdentifier>{deb82dda-a6d3-41d4-982e-615b89245783}</UniqueIdentifier>
    </Filter>
    <Filter Include="Platforms\Windows\Private">
      <UniqueIdentifier>{22d2693e-0448-45de-a635-a627fcc14d49}</UniqueIdentifier>
    </Filter>
    <Filter Include="Platforms\Windows\Public">
      <UniqueIdentifier>{ed281632-74e5-43a8-971d-b4fb8f80e58a}</UniqueIdentifier>
    </Filter>
    <Filter Include="RenderDevices">
      <UniqueIdentifier>{b4f20315-1f1f-4533-b1da-0d9014860cda}</UniqueIdentifier>
    </Filter>
    <Filter Include="Utility">
      <UniqueIdentifier>{dbfbfe77-bac8-429f-a4f0-193367dfc674}</UniqueIdentifier>
    </Filter>
    <Filter Include="Utility\Public">
      <UniqueIdentifier>{c424da66-b8fa-4b02-ac49-552dbed74fb0}</UniqueIdentifier>
    </Filter>
    <Filter Include="Utility\Private">
      <UniqueIdentifier>{575c5790-55c1-47bb-915f-23b8dad31ef3}</UniqueIdentifier>
    </Filter>
    <Filter Include="Shaders">
      <UniqueIdentifier>{91850a62-a494-4822-aed6-b07e42a9b6d2}</UniqueIdentifier>
    </Filter>
    <Filter Include="RenderDevices\DX12">
      <UniqueIdentifier>{8ed55d34-a832-4fff-8ee2-84fd899a6913}</UniqueIdentifier>
    </Filter>
    <Filter Include="RenderDevices\DX12\Private">
      <UniqueIdentifier>{a0a66033-1072-4e88-8e2c-702541a1c6a8}</UniqueIdentifier>
    </Filter>
    <Filter Include="RenderDevices\DX12\Public">
      <UniqueIdentifier>{92a27137-d046-471d-b40b-b023bf45a993}</UniqueIdentifier>
    </Filter>
  </ItemGroup>
  <ItemGroup>
    <FxCompile Include="Engine\Shaders\Basic.hlsl">
      <Filter>Shaders</Filter>
    </FxCompile>
  </ItemGroup>
</Project>