<?xml version="1.0" encoding="utf-8"?>
<Project ToolsVersion="4.0" xmlns="http://schemas.microsoft.com/developer/msbuild/2003">
  <ItemGroup>
    <ClCompile Include="Engine\Frame\Private\Device.cpp">
      <Filter>Frame\Private</Filter>
    </ClCompile>
    <ClCompile Include="Engine\Frame\Private\Engine.cpp">
      <Filter>Frame\Private</Filter>
    </ClCompile>
    <ClCompile Include="Engine\Frame\Private\Globals.cpp">
      <Filter>Frame\Private</Filter>
    </ClCompile>
    <ClCompile Include="Engine\Frame\Private\RenderTarget.cpp">
      <Filter>Frame\Private</Filter>
    </ClCompile>
    <ClCompile Include="Engine\Platforms\Windows\Private\EngineWindows.cpp">
      <Filter>Platforms\Windows\Private</Filter>
    </ClCompile>
    <ClCompile Include="Engine\Platforms\Windows\Private\RenderWindowWindows.cpp">
      <Filter>Platforms\Windows\Private</Filter>
    </ClCompile>
    <ClCompile Include="Engine\Platforms\Windows\Private\LauncherWindows.cpp">
      <Filter>Platforms\Windows\Private</Filter>
    </ClCompile>
    <ClCompile Include="Engine\RenderDevices\DX12\Private\DX12Device.cpp">
      <Filter>RenderDevices\DX12\Private</Filter>
    </ClCompile>
    <ClCompile Include="Engine\RenderDevices\DX12\Private\DX12Utility.cpp">
      <Filter>RenderDevices\DX12\Private</Filter>
    </ClCompile>
    <ClCompile Include="Engine\Frame\Private\Camera.cpp">
      <Filter>Frame\Private</Filter>
    </ClCompile>
    <ClCompile Include="Engine\Frame\Private\Light.cpp">
      <Filter>Frame\Private</Filter>
    </ClCompile>
    <ClCompile Include="Engine\Frame\Private\Material.cpp">
      <Filter>Frame\Private</Filter>
    </ClCompile>
    <ClCompile Include="Engine\Frame\Private\Mesh.cpp">
      <Filter>Frame\Private</Filter>
    </ClCompile>
    <ClCompile Include="Engine\Frame\Private\Texture.cpp">
      <Filter>Frame\Private</Filter>
    </ClCompile>
    <ClCompile Include="Engine\Frame\Private\Scene.cpp">
      <Filter>Frame\Private</Filter>
    </ClCompile>
    <ClCompile Include="Engine\Frame\Private\Shader.cpp">
      <Filter>Frame\Private</Filter>
    </ClCompile>
    <ClCompile Include="Engine\RenderDevices\DX12\Private\DDSTextureLoader12.cpp">
      <Filter>RenderDevices\DX12\Private</Filter>
    </ClCompile>
    <ClCompile Include="Engine\Platforms\Windows\Private\WindowsUtility.cpp">
      <Filter>Platforms\Windows\Private</Filter>
    </ClCompile>
    <ClCompile Include="Engine\Frame\Private\PostProcessing.cpp">
      <Filter>Frame\Private</Filter>
    </ClCompile>
    <ClCompile Include="Engine\Frame\Renderer\Private\DeferredShadingRenderer.cpp">
      <Filter>Frame\Renderer\Private</Filter>
    </ClCompile>
    <ClCompile Include="Engine\Frame\Renderer\Private\ForwardShadingRenderer.cpp">
      <Filter>Frame\Renderer\Private</Filter>
    </ClCompile>
    <ClCompile Include="Engine\Frame\Renderer\Private\Renderer.cpp">
      <Filter>Frame\Renderer\Private</Filter>
    </ClCompile>
    <ClCompile Include="Engine\Frame\Renderer\Private\LightPrePassShadingRenderer.cpp">
      <Filter>Frame\Renderer\Private</Filter>
    </ClCompile>
    <ClCompile Include="Engine\Frame\Renderer\Private\TiledBasedDeferredShadingRenderer.cpp">
      <Filter>Frame\Renderer\Private</Filter>
    </ClCompile>
    <ClCompile Include="Engine\Frame\Renderer\Private\TiledForwardShadingRenderer.cpp">
      <Filter>Frame\Renderer\Private</Filter>
    </ClCompile>
    <ClCompile Include="Engine\Frame\Private\SceneManager.cpp">
      <Filter>Frame\Private</Filter>
    </ClCompile>
    <ClCompile Include="Engine\RenderDevices\GL4\Private\GL4Device.cpp">
      <Filter>RenderDevices\GL4\Private</Filter>
    </ClCompile>
    <ClCompile Include="Engine\RenderDevices\GL4\Private\GLUtility.cpp">
      <Filter>RenderDevices\GL4\Private</Filter>
    </ClCompile>
    <ClCompile Include="Engine\RenderDevices\Metal3\Private\Metal3Device.cpp">
      <Filter>RenderDevices\Metal3\Private</Filter>
    </ClCompile>
    <ClCompile Include="Engine\RenderDevices\Metal3\Private\Metal3Utility.cpp">
      <Filter>RenderDevices\Metal3\Private</Filter>
    </ClCompile>
    <ClCompile Include="Engine\RenderDevices\Vulkan1\Private\Vulkan1Device.cpp">
      <Filter>RenderDevices\Vulkan1\Private</Filter>
    </ClCompile>
    <ClCompile Include="Engine\RenderDevices\Vulkan1\Private\Vulkan1Utility.cpp">
      <Filter>RenderDevices\Vulkan1\Private</Filter>
    </ClCompile>
    <ClCompile Include="Engine\RenderDevices\GLES3\Private\GLES3Device.cpp">
      <Filter>RenderDevices\GLES3\Private</Filter>
    </ClCompile>
    <ClCompile Include="Engine\RenderDevices\GLES3\Private\GLES3Utility.cpp">
      <Filter>RenderDevices\GLES3\Private</Filter>
    </ClCompile>
    <ClCompile Include="Engine\Frame\Private\SceneObject.cpp">
      <Filter>Frame\Private</Filter>
    </ClCompile>
    <ClCompile Include="Engine\Frame\Private\StaticMeshObject.cpp">
      <Filter>Frame\Private</Filter>
    </ClCompile>
    <ClCompile Include="Engine\Frame\Renderer\Private\RayTracingRenderer.cpp">
      <Filter>Frame\Renderer\Private</Filter>
    </ClCompile>
    <ClCompile Include="Engine\Utility\Private\MeshUtility.cpp">
      <Filter>Utility\Private</Filter>
    </ClCompile>
    <ClCompile Include="Engine\Frame\Private\Vertex.cpp">
      <Filter>Frame\Private</Filter>
    </ClCompile>
    <ClCompile Include="Engine\Frame\Private\InputManager.cpp" />
  </ItemGroup>
  <ItemGroup>
    <ClInclude Include="Engine\Frame\Public\Device.h">
      <Filter>Frame\Public</Filter>
    </ClInclude>
    <ClInclude Include="Engine\Frame\Public\Engine.h">
      <Filter>Frame\Public</Filter>
    </ClInclude>
    <ClInclude Include="Engine\Frame\Public\Globals.h">
      <Filter>Frame\Public</Filter>
    </ClInclude>
    <ClInclude Include="Engine\Frame\Public\RenderTarget.h">
      <Filter>Frame\Public</Filter>
    </ClInclude>
    <ClInclude Include="Engine\Utility\Public\Prerequisites.h">
      <Filter>Utility\Public</Filter>
    </ClInclude>
    <ClInclude Include="Engine\Utility\Public\Singleton.h">
      <Filter>Utility\Public</Filter>
    </ClInclude>
    <ClInclude Include="Engine\Platforms\Windows\Public\EngineWindows.h">
      <Filter>Platforms\Windows\Public</Filter>
    </ClInclude>
    <ClInclude Include="Engine\Platforms\Windows\Public\RenderWindowWindows.h">
      <Filter>Platforms\Windows\Public</Filter>
    </ClInclude>
    <ClInclude Include="Engine\RenderDevices\DX12\Public\DX12Device.h">
      <Filter>RenderDevices\DX12\Public</Filter>
    </ClInclude>
    <ClInclude Include="Engine\RenderDevices\DX12\Public\d3dx12.h">
      <Filter>RenderDevices\DX12\Public</Filter>
    </ClInclude>
    <ClInclude Include="Engine\RenderDevices\DX12\Public\DX12Utility.h">
      <Filter>RenderDevices\DX12\Public</Filter>
    </ClInclude>
    <ClInclude Include="Engine\Frame\Public\Camera.h">
      <Filter>Frame\Public</Filter>
    </ClInclude>
    <ClInclude Include="Engine\Frame\Public\Light.h">
      <Filter>Frame\Public</Filter>
    </ClInclude>
    <ClInclude Include="Engine\Utility\Public\Math.h">
      <Filter>Utility\Public</Filter>
    </ClInclude>
    <ClInclude Include="Engine\Frame\Public\Material.h">
      <Filter>Frame\Public</Filter>
    </ClInclude>
    <ClInclude Include="Engine\Frame\Public\Mesh.h">
      <Filter>Frame\Public</Filter>
    </ClInclude>
    <ClInclude Include="Engine\Frame\Public\Scene.h">
      <Filter>Frame\Public</Filter>
    </ClInclude>
    <ClInclude Include="Engine\Frame\Public\Texture.h">
      <Filter>Frame\Public</Filter>
    </ClInclude>
    <ClInclude Include="Engine\Frame\Public\Shader.h">
      <Filter>Frame\Public</Filter>
    </ClInclude>
    <ClInclude Include="Engine\RenderDevices\DX12\Public\DDSTextureLoader12.h">
      <Filter>RenderDevices\DX12\Public</Filter>
    </ClInclude>
    <ClInclude Include="Engine\Platforms\Windows\Public\WindowsUtility.h">
      <Filter>Platforms\Windows\Public</Filter>
    </ClInclude>
    <ClInclude Include="Engine\Frame\Public\PostProcessing.h">
      <Filter>Frame\Public</Filter>
    </ClInclude>
    <ClInclude Include="Engine\Frame\Renderer\Public\DeferredShadingRenderer.h">
      <Filter>Frame\Renderer\Public</Filter>
    </ClInclude>
    <ClInclude Include="Engine\Frame\Renderer\Public\ForwardShadingRenderer.h">
      <Filter>Frame\Renderer\Public</Filter>
    </ClInclude>
    <ClInclude Include="Engine\Frame\Renderer\Public\Renderer.h">
      <Filter>Frame\Renderer\Public</Filter>
    </ClInclude>
    <ClInclude Include="Engine\Frame\Renderer\Public\LightPrePassShadingRenderer.h">
      <Filter>Frame\Renderer\Public</Filter>
    </ClInclude>
    <ClInclude Include="Engine\Frame\Renderer\Public\TiledBasedDeferredShadingRenderer.h">
      <Filter>Frame\Renderer\Public</Filter>
    </ClInclude>
    <ClInclude Include="Engine\Frame\Renderer\Public\TiledForwardShadingRenderer.h">
      <Filter>Frame\Renderer\Public</Filter>
    </ClInclude>
    <ClInclude Include="Engine\Frame\Public\SceneManager.h">
      <Filter>Frame\Public</Filter>
    </ClInclude>
    <ClInclude Include="Engine\RenderDevices\GL4\Public\GL4Device.h">
      <Filter>RenderDevices\GL4\Public</Filter>
    </ClInclude>
    <ClInclude Include="Engine\RenderDevices\GL4\Public\GL4Utility.h">
      <Filter>RenderDevices\GL4\Public</Filter>
    </ClInclude>
    <ClInclude Include="Engine\RenderDevices\GLES3\Public\GLES3Device.h">
      <Filter>RenderDevices\GLES3\Public</Filter>
    </ClInclude>
    <ClInclude Include="Engine\RenderDevices\GLES3\Public\GLES3Utility.h">
      <Filter>RenderDevices\GLES3\Public</Filter>
    </ClInclude>
    <ClInclude Include="Engine\RenderDevices\Metal3\Public\Metal3Device.h">
      <Filter>RenderDevices\Metal3\Public</Filter>
    </ClInclude>
    <ClInclude Include="Engine\RenderDevices\Metal3\Public\Metal3Utility.h">
      <Filter>RenderDevices\Metal3\Public</Filter>
    </ClInclude>
    <ClInclude Include="Engine\RenderDevices\Vulkan1\Public\Vulkan1Device.h">
      <Filter>RenderDevices\Vulkan1\Public</Filter>
    </ClInclude>
    <ClInclude Include="Engine\RenderDevices\Vulkan1\Public\Vulkan1Utility.h">
      <Filter>RenderDevices\Vulkan1\Public</Filter>
    </ClInclude>
    <ClInclude Include="Engine\Frame\Public\SceneObject.h">
      <Filter>Frame\Public</Filter>
    </ClInclude>
    <ClInclude Include="Engine\Frame\Public\StaticMeshObject.h">
      <Filter>Frame\Public</Filter>
    </ClInclude>
    <ClInclude Include="Engine\Frame\Renderer\Public\RayTracingRenderer.h">
      <Filter>Frame\Renderer\Public</Filter>
    </ClInclude>
    <ClInclude Include="Engine\Utility\Public\MeshUtility.h">
      <Filter>Utility\Public</Filter>
    </ClInclude>
    <ClInclude Include="Engine\Frame\Public\Vertex.h">
      <Filter>Frame\Public</Filter>
    </ClInclude>
    <ClInclude Include="Engine\Frame\Public\InputManager.h" />
  </ItemGroup>
  <ItemGroup>
    <Filter Include="Frame">
      <UniqueIdentifier>{a9fb89a5-3eda-4596-95cb-98d94e3f9ac2}</UniqueIdentifier>
    </Filter>
    <Filter Include="Platforms">
      <UniqueIdentifier>{0f3d3686-6c03-42f1-8116-33378a9a732e}</UniqueIdentifier>
    </Filter>
    <Filter Include="Platforms\Windows">
      <UniqueIdentifier>{20e6dafb-2174-435b-bd77-6cf59518010c}</UniqueIdentifier>
    </Filter>
    <Filter Include="Frame\Public">
      <UniqueIdentifier>{740d38be-5189-49e0-866e-6569936160b8}</UniqueIdentifier>
    </Filter>
    <Filter Include="Frame\Private">
      <UniqueIdentifier>{deb82dda-a6d3-41d4-982e-615b89245783}</UniqueIdentifier>
    </Filter>
    <Filter Include="Platforms\Windows\Private">
      <UniqueIdentifier>{22d2693e-0448-45de-a635-a627fcc14d49}</UniqueIdentifier>
    </Filter>
    <Filter Include="Platforms\Windows\Public">
      <UniqueIdentifier>{ed281632-74e5-43a8-971d-b4fb8f80e58a}</UniqueIdentifier>
    </Filter>
    <Filter Include="RenderDevices">
      <UniqueIdentifier>{b4f20315-1f1f-4533-b1da-0d9014860cda}</UniqueIdentifier>
    </Filter>
    <Filter Include="Utility">
      <UniqueIdentifier>{dbfbfe77-bac8-429f-a4f0-193367dfc674}</UniqueIdentifier>
    </Filter>
    <Filter Include="Utility\Public">
      <UniqueIdentifier>{c424da66-b8fa-4b02-ac49-552dbed74fb0}</UniqueIdentifier>
    </Filter>
    <Filter Include="Utility\Private">
      <UniqueIdentifier>{575c5790-55c1-47bb-915f-23b8dad31ef3}</UniqueIdentifier>
    </Filter>
    <Filter Include="Shaders">
      <UniqueIdentifier>{91850a62-a494-4822-aed6-b07e42a9b6d2}</UniqueIdentifier>
    </Filter>
    <Filter Include="RenderDevices\DX12">
      <UniqueIdentifier>{8ed55d34-a832-4fff-8ee2-84fd899a6913}</UniqueIdentifier>
    </Filter>
    <Filter Include="RenderDevices\DX12\Private">
      <UniqueIdentifier>{a0a66033-1072-4e88-8e2c-702541a1c6a8}</UniqueIdentifier>
    </Filter>
    <Filter Include="RenderDevices\DX12\Public">
      <UniqueIdentifier>{92a27137-d046-471d-b40b-b023bf45a993}</UniqueIdentifier>
    </Filter>
    <Filter Include="Frame\Renderer">
      <UniqueIdentifier>{c8e4c044-369a-40d9-a56f-a956e4fc5a58}</UniqueIdentifier>
    </Filter>
    <Filter Include="Frame\Renderer\Public">
      <UniqueIdentifier>{85c6b918-af6f-450e-bca1-e846e7da73c0}</UniqueIdentifier>
    </Filter>
    <Filter Include="Frame\Renderer\Private">
      <UniqueIdentifier>{a8418b1d-e985-43e3-819d-be90f0e3c8f1}</UniqueIdentifier>
    </Filter>
    <Filter Include="RenderDevices\GL4">
      <UniqueIdentifier>{44251328-4fd5-46a0-939f-f53e44b75c85}</UniqueIdentifier>
    </Filter>
    <Filter Include="RenderDevices\GLES3">
      <UniqueIdentifier>{74650c95-e55a-462b-b147-7bd0f3660c80}</UniqueIdentifier>
    </Filter>
    <Filter Include="RenderDevices\Vulkan1">
      <UniqueIdentifier>{0cb6d633-a8f4-4dca-90b8-aaefd1a49645}</UniqueIdentifier>
    </Filter>
    <Filter Include="RenderDevices\GL4\Public">
      <UniqueIdentifier>{4d0cd112-59d2-4852-88c5-012baf96c93c}</UniqueIdentifier>
    </Filter>
    <Filter Include="RenderDevices\GL4\Private">
      <UniqueIdentifier>{1a141934-51c9-485f-88de-9e1857a779d6}</UniqueIdentifier>
    </Filter>
    <Filter Include="RenderDevices\GLES3\Public">
      <UniqueIdentifier>{ba5c1366-f813-4caa-86bb-4a71f6c4407c}</UniqueIdentifier>
    </Filter>
    <Filter Include="RenderDevices\GLES3\Private">
      <UniqueIdentifier>{2dc9968d-cb46-42dc-957b-e5d40d896d26}</UniqueIdentifier>
    </Filter>
    <Filter Include="RenderDevices\Vulkan1\Public">
      <UniqueIdentifier>{6bcfb11e-4692-44c3-9d59-41a51c69d7e4}</UniqueIdentifier>
    </Filter>
    <Filter Include="RenderDevices\Vulkan1\Private">
      <UniqueIdentifier>{028fb127-c433-4f7b-8015-40cfcc96ce69}</UniqueIdentifier>
    </Filter>
    <Filter Include="RenderDevices\Metal3">
      <UniqueIdentifier>{5907a0f4-c402-4464-ac0f-62defef2f3fd}</UniqueIdentifier>
    </Filter>
    <Filter Include="RenderDevices\Metal3\Public">
      <UniqueIdentifier>{c9f12245-ed8b-4a41-bec1-5c55c23ef84a}</UniqueIdentifier>
    </Filter>
    <Filter Include="RenderDevices\Metal3\Private">
      <UniqueIdentifier>{74d12e67-fc01-4a43-9647-b9800e4f2c04}</UniqueIdentifier>
    </Filter>
  </ItemGroup>
  <ItemGroup>
    <FxCompile Include="Engine\Shaders\Common.hlsl">
      <Filter>Shaders</Filter>
    </FxCompile>
    <FxCompile Include="Engine\Shaders\DeferredShadingCommon.hlsl">
      <Filter>Shaders</Filter>
    </FxCompile>
    <FxCompile Include="Engine\Shaders\DeferredShadingPS.hlsl">
      <Filter>Shaders</Filter>
    </FxCompile>
    <FxCompile Include="Engine\Shaders\DeferredShadingVS.hlsl">
      <Filter>Shaders</Filter>
    </FxCompile>
    <FxCompile Include="Engine\Shaders\ForwardShadingCommon.hlsl">
      <Filter>Shaders</Filter>
    </FxCompile>
    <FxCompile Include="Engine\Shaders\ForwardShadingPS.hlsl">
      <Filter>Shaders</Filter>
    </FxCompile>
    <FxCompile Include="Engine\Shaders\ForwardShadingVS.hlsl">
      <Filter>Shaders</Filter>
    </FxCompile>
    <FxCompile Include="Engine\Shaders\LightingModel.hlsl">
      <Filter>Shaders</Filter>
    </FxCompile>
    <FxCompile Include="Engine\Shaders\ShadingCommon.hlsl">
      <Filter>Shaders</Filter>
    </FxCompile>
    <FxCompile Include="Engine\Shaders\Tonemap.hlsl">
      <Filter>Shaders</Filter>
    </FxCompile>
    <FxCompile Include="Engine\Shaders\GammaCorrection.hlsl">
      <Filter>Shaders</Filter>
    </FxCompile>
    <FxCompile Include="Engine\Shaders\Postprocess.hlsl">
      <Filter>Shaders</Filter>
    </FxCompile>
  </ItemGroup>
</Project>